
Microsoft Visual Studio Solution File, Format Version 12.00
# Visual Studio Version 16
VisualStudioVersion = 16.0.33927.289
MinimumVisualStudioVersion = 10.0.40219.1
Project("{FAE04EC0-301F-11D3-BF4B-00C04F79EFBC}") = "FileCopyGUI", "FileCopyGUI\FileCopyGUI.csproj", "{A320B186-ACE6-4F5F-A6D7-557BF1F17444}"
EndProject
Global
	GlobalSection(SolutionConfigurationPlatforms) = preSolution
		Debug|Any CPU = Debug|Any CPU
		Release|Any CPU = Release|Any CPU
	EndGlobalSection
	GlobalSection(ProjectConfigurationPlatforms) = postSolution
		{A320B186-ACE6-4F5F-A6D7-557BF1F17444}.Debug|Any CPU.ActiveCfg = Debug|Any CPU
		{A320B186-ACE6-4F5F-A6D7-557BF1F17444}.Debug|Any CPU.Build.0 = Debug|Any CPU
		{A320B186-ACE6-4F5F-A6D7-557BF1F17444}.Release|Any CPU.ActiveCfg = Release|Any CPU
		{A320B186-ACE6-4F5F-A6D7-557BF1F17444}.Release|Any CPU.Build.0 = Release|Any CPU
	EndGlobalSection
	GlobalSection(SolutionProperties) = preSolution
		HideSolutionNode = FALSE
	EndGlobalSection
	GlobalSection(ExtensibilityGlobals) = postSolution
		SolutionGuid = {94DFDF92-04F4-497A-BDD3-E765CF6D16CC}
	EndGlobalSection
EndGlobal
